
Microsoft Visual Studio Solution File, Format Version 12.00
# Visual Studio Version 17
VisualStudioVersion = 17.11.35312.102
MinimumVisualStudioVersion = 10.0.40219.1
Project("{FAE04EC0-301F-11D3-BF4B-00C04F79EFBC}") = "AirlineManagement", "AirlineManagement.csproj", "{7CBFDE9A-8BDB-46E6-8A14-D44CD310A289}"
EndProject
Global
	GlobalSection(SolutionConfigurationPlatforms) = preSolution
		Debug|Any CPU = Debug|Any CPU
		Release|Any CPU = Release|Any CPU
	EndGlobalSection
	GlobalSection(ProjectConfigurationPlatforms) = postSolution
		{7CBFDE9A-8BDB-46E6-8A14-D44CD310A289}.Debug|Any CPU.ActiveCfg = Debug|Any CPU
		{7CBFDE9A-8BDB-46E6-8A14-D44CD310A289}.Debug|Any CPU.Build.0 = Debug|Any CPU
		{7CBFDE9A-8BDB-46E6-8A14-D44CD310A289}.Release|Any CPU.ActiveCfg = Release|Any CPU
		{7CBFDE9A-8BDB-46E6-8A14-D44CD310A289}.Release|Any CPU.Build.0 = Release|Any CPU
	EndGlobalSection
	GlobalSection(SolutionProperties) = preSolution
		HideSolutionNode = FALSE
	EndGlobalSection
	GlobalSection(ExtensibilityGlobals) = postSolution
		SolutionGuid = {B3324BAB-073E-4336-86D7-0A2CA7B824BB}
	EndGlobalSection
EndGlobal
